
Microsoft Visual Studio Solution File, Format Version 12.00
# Visual Studio Version 17
VisualStudioVersion = 17.14.36327.8 d17.14
MinimumVisualStudioVersion = 10.0.40219.1
Project("{FAE04EC0-301F-11D3-BF4B-00C04F79EFBC}") = "ExcelManager", "ExcelManager.csproj", "{575DA3C3-34F2-0148-A5B3-102E6271F015}"
EndProject
Global
	GlobalSection(SolutionConfigurationPlatforms) = preSolution
		Debug|Any CPU = Debug|Any CPU
		Release|Any CPU = Release|Any CPU
	EndGlobalSection
	GlobalSection(ProjectConfigurationPlatforms) = postSolution
		{575DA3C3-34F2-0148-A5B3-102E6271F015}.Debug|Any CPU.ActiveCfg = Debug|Any CPU
		{575DA3C3-34F2-0148-A5B3-102E6271F015}.Debug|Any CPU.Build.0 = Debug|Any CPU
		{575DA3C3-34F2-0148-A5B3-102E6271F015}.Release|Any CPU.ActiveCfg = Release|Any CPU
		{575DA3C3-34F2-0148-A5B3-102E6271F015}.Release|Any CPU.Build.0 = Release|Any CPU
	EndGlobalSection
	GlobalSection(SolutionProperties) = preSolution
		HideSolutionNode = FALSE
	EndGlobalSection
	GlobalSection(ExtensibilityGlobals) = postSolution
		SolutionGuid = {40AD4BD0-BBB1-4E49-8297-72652EF51550}
	EndGlobalSection
EndGlobal
